
Microsoft Visual Studio Solution File, Format Version 12.00
# Visual Studio Version 17
VisualStudioVersion = 17.7.34202.233
MinimumVisualStudioVersion = 10.0.40219.1
Project("{FAE04EC0-301F-11D3-BF4B-00C04F79EFBC}") = "masys-project", "masys-project\masys-project.csproj", "{856C4224-14D9-42A2-9546-9D29CC8E351A}"
EndProject
Global
	GlobalSection(SolutionConfigurationPlatforms) = preSolution
		Debug|Any CPU = Debug|Any CPU
		Release|Any CPU = Release|Any CPU
	EndGlobalSection
	GlobalSection(ProjectConfigurationPlatforms) = postSolution
		{856C4224-14D9-42A2-9546-9D29CC8E351A}.Debug|Any CPU.ActiveCfg = Debug|Any CPU
		{856C4224-14D9-42A2-9546-9D29CC8E351A}.Debug|Any CPU.Build.0 = Debug|Any CPU
		{856C4224-14D9-42A2-9546-9D29CC8E351A}.Release|Any CPU.ActiveCfg = Release|Any CPU
		{856C4224-14D9-42A2-9546-9D29CC8E351A}.Release|Any CPU.Build.0 = Release|Any CPU
	EndGlobalSection
	GlobalSection(SolutionProperties) = preSolution
		HideSolutionNode = FALSE
	EndGlobalSection
	GlobalSection(ExtensibilityGlobals) = postSolution
		SolutionGuid = {8292835B-DFBC-4B7A-88CC-0498828CEA3C}
	EndGlobalSection
EndGlobal
